{
  "name": "ucd-lib-client",
  "version": "2.0.0",
  "lockfileVersion": 2,
  "requires": true,
  "packages": {
    "": {
      "name": "ucd-lib-client",
      "version": "2.0.0",
      "license": "ISC",
      "dependencies": {
        "@ucd-lib/spa-router-middleware": "^0.2.1"
      }
    },
    "node_modules/@ucd-lib/spa-router-middleware": {
      "version": "0.2.1",
      "resolved": "https://registry.npmjs.org/@ucd-lib/spa-router-middleware/-/spa-router-middleware-0.2.1.tgz",
      "integrity": "sha512-uvfIG9NbZh6Ea39Tb3eH1PDQqD5Ni1SG/X5kSLi5sakYEN0wijRap/FdGhnUcks/xmRS4D20JpzhsgdI5hPE+g=="
    }
  },
  "dependencies": {
    "@ucd-lib/spa-router-middleware": {
      "version": "0.2.1",
      "resolved": "https://registry.npmjs.org/@ucd-lib/spa-router-middleware/-/spa-router-middleware-0.2.1.tgz",
      "integrity": "sha512-uvfIG9NbZh6Ea39Tb3eH1PDQqD5Ni1SG/X5kSLi5sakYEN0wijRap/FdGhnUcks/xmRS4D20JpzhsgdI5hPE+g=="
    }
  }
}
